{
  "version": 4,
  "terraform_version": "1.7.5",
  "serial": 13,
  "lineage": "e5f0c9d1-22d5-0607-f890-c797fc81e194",
  "outputs": {
    "bucket_url": {
      "value": "gs://mi-bucket-devops-terraform-lab-unique-12345",
      "type": "string"
    }
  },
  "resources": [
    {
      "mode": "managed",
      "type": "google_secret_manager_secret",
      "name": "db_password_secret",
      "provider": "provider[\"registry.terraform.io/hashicorp/google\"]",
      "instances": [
        {
          "schema_version": 0,
          "attributes": {
            "annotations": {},
            "create_time": "2026-09-16T17:34:33.075291Z",
            "deletion_policy": "DELETE",
            "deletion_protection": false,
            "effective_annotations": {},
            "effective_labels": {
              "goog-terraform-provisioned": "true"
            },
            "expire_time": "",
            "id": "projects/laboratorio-terraform-508817/secrets/db-password-login",
            "labels": {},
            "name": "projects/18846814729/secrets/db-password-login",
            "project": "laboratorio-terraform-508817",
            "replication": [
              {
                "auto": [],
                "user_managed": [
                  {
                    "replicas": [
                      {
                        "customer_managed_encryption": [],
                        "location": "us-central1"
                      }
                    ]
                  }
                ]
              }
            ],
            "rotation": [],
            "secret_id": "db-password-login",
            "tags": null,
            "terraform_labels": {
              "goog-terraform-provisioned": "true"
            },
            "timeouts": null,
            "topics": [],
            "ttl": null,
            "version_aliases": {},
            "version_destroy_ttl": ""
          },
          "sensitive_attributes": [],
          "private": "eyJlMmJmYjczMC1lY2FhLTExZTYtOGY4OC0zNDM2M2JjN2M0YzAiOnsiY3JlYXRlIjoxMjAwMDAwMDAwMDAwLCJkZWxldGUiOjEyMDAwMDAwMDAwMDAsInVwZGF0ZSI6MTIwMDAwMDAwMDAwMH19"
        }
      ]
    },
    {
      "mode": "managed",
      "type": "google_secret_manager_secret_version",
      "name": "db_password_secret_version",
      "provider": "provider[\"registry.terraform.io/hashicorp/google\"]",
      "instances": [
        {
          "schema_version": 1,
          "attributes": {
            "create_time": "2026-09-16T17:34:33.895673Z",
            "deletion_policy": "DELETE",
            "destroy_time": "",
            "enabled": true,
            "id": "projects/18846814729/secrets/db-password-login/versions/1",
            "is_secret_data_base64": false,
            "name": "projects/18846814729/secrets/db-password-login/versions/1",
            "project": null,
            "secret": "projects/laboratorio-terraform-508817/secrets/db-password-login",
            "secret_data": "MiPasswordSegura123!",
            "secret_data_wo": null,
            "secret_data_wo_version": null,
            "timeouts": null,
            "version": "1"
          },
          "sensitive_attributes": [
            [
              {
                "type": "get_attr",
                "value": "secret_data"
              }
            ]
          ],
          "private": "eyJlMmJmYjczMC1lY2FhLTExZTYtOGY4OC0zNDM2M2JjN2M0YzAiOnsiY3JlYXRlIjoxMjAwMDAwMDAwMDAwLCJkZWxldGUiOjEyMDAwMDAwMDAwMDAsInVwZGF0ZSI6MTIwMDAwMDAwMDAwMH0sInNjaGVtYV92ZXJzaW9uIjoiMSJ9",
          "dependencies": [
            "google_secret_manager_secret.db_password_secret"
          ]
        }
      ]
    },
    {
      "mode": "managed",
      "type": "google_sql_database",
      "name": "database",
      "provider": "provider[\"registry.terraform.io/hashicorp/google\"]",
      "instances": [
        {
          "schema_version": 0,
          "attributes": {
            "charset": "UTF8",
            "collation": "en_US.UTF8",
            "deletion_policy": "DELETE",
            "id": "projects/laboratorio-terraform-508817/instances/instancia-login-lab/databases/db_login_app",
            "instance": "instancia-login-lab",
            "name": "db_login_app",
            "project": "laboratorio-terraform-508817",
            "self_link": "https://sqladmin.googleapis.com/sql/v1beta4/projects/laboratorio-terraform-508817/instances/instancia-login-lab/databases/db_login_app",
            "timeouts": null
          },
          "sensitive_attributes": [],
          "private": "eyJlMmJmYjczMC1lY2FhLTExZTYtOGY4OC0zNDM2M2JjN2M0YzAiOnsiY3JlYXRlIjoxMjAwMDAwMDAwMDAwLCJkZWxldGUiOjEyMDAwMDAwMDAwMDAsInVwZGF0ZSI6MTIwMDAwMDAwMDAwMH19",
          "dependencies": [
            "google_sql_database_instance.db_instance"
          ]
        }
      ]
    },
    {
      "mode": "managed",
      "type": "google_sql_database_instance",
      "name": "db_instance",
      "provider": "provider[\"registry.terraform.io/hashicorp/google\"]",
      "instances": [
        {
          "schema_version": 0,
          "attributes": {
            "available_maintenance_versions": [],
            "backupdr_backup": null,
            "clone": [],
            "connection_name": "laboratorio-terraform-508817:us-central1:instancia-login-lab",
            "database_version": "POSTGRES_15",
            "deletion_policy": "DELETE",
            "deletion_protection": false,
            "dns_name": "",
            "dns_names": [],
            "encryption_key_name": null,
            "enforce_new_sql_network_architecture": true,
            "final_backup_description": null,
            "first_ip_address": "136.116.67.31",
            "id": "instancia-login-lab",
            "include_replicas_for_major_version_upgrade": null,
            "instance_type": "CLOUD_SQL_INSTANCE",
            "ip_address": [
              {
                "ip_address": "136.116.67.31",
                "time_to_retire": "",
                "type": "PRIMARY"
              },
              {
                "ip_address": "34.66.206.131",
                "time_to_retire": "",
                "type": "OUTGOING"
              }
            ],
            "maintenance_version": "POSTGRES_15_19.R20260712.01_10",
            "master_instance_name": "",
            "name": "instancia-login-lab",
            "node_count": 0,
            "point_in_time_restore_context": [],
            "private_ip_address": "",
            "project": "laboratorio-terraform-508817",
            "psc_service_attachment_link": "",
            "public_ip_address": "136.116.67.31",
            "region": "us-central1",
            "replica_configuration": [],
            "replica_names": [],
            "replication_cluster": [
              {
                "dr_replica": false,
                "failover_dr_replica_name": "",
                "psa_write_endpoint": ""
              }
            ],
            "restore_backup_context": [],
            "root_password": null,
            "root_password_wo": null,
            "root_password_wo_version": null,
            "self_link": "https://sqladmin.googleapis.com/sql/v1beta4/projects/laboratorio-terraform-508817/instances/instancia-login-lab",
            "server_ca_cert": [
              {
                "cert": "-----BEGIN CERTIFICATE-----\nMIIDcTCCAlmgAwIBAgIBADANBgkqhkiG9w0BAQsFADBwMS0wKwYDVQQuEyQ2Mjcw\nOWYxYy1lMzAzLTRjMTctOGVkMS1jMDJiYzYyYTk5MjAxHDAaBgNVBAMTE0Nsb3Vk\nIFNRTCBTZXJ2ZXIgQ0ExFDASBgNVBAoTC0dvb2dsZSwgSW5jMQswCQYDVQQGEwJV\nUzAeFw0yNjA5MTYxNzM1NTVaFw0zNjA5MTMxNzM2NTVaMHAxLTArBgNVBC4TJDYy\nNzA5ZjFjLWUzMDMtNGMxNy04ZWQxLWMwMmJjNjJhOTkyMDEcMBoGA1UEAxMTQ2xv\ndWQgU1FMIFNlcnZlciBDQTEUMBIGA1UEChMLR29vZ2xlLCBJbmMxCzAJBgNVBAYT\nAlVTMIIBIjANBgkqhkiG9w0BAQEFAAOCAQ8AMIIBCgKCAQEA2jSOQMu+wSlfa0ov\ngw8LNyYHDZVyctII19GmHMpzP+FMjSYjtMsO3qd03c8oBkuNu3TcNHtSyM4VoFpR\nhjiTs4nGMQOEELqHmIwZ1q4DGFJz8Cy8ooofpX2aJyBPkrs/dua4a8NCZngcuhu8\ns42z9jMDLAU21PwB3hNlygrfD4zOBXS2ANQbQSIxhujmEYfa81LYJC5BvBEBGS1V\noVZrbcYfI0aBo+YIRjs30ujaicgEOMPB66fFIh6seD2UKofm6dz1PDqf5U9A1T8B\nCucwibcOQUaAjBCzKqoYjDuKOyulE3x70jMASEbYYoWnsgdeLfJYVO2O51YVVd9K\nqfsj8wIDAQABoxYwFDASBgNVHRMBAf8ECDAGAQH/AgEAMA0GCSqGSIb3DQEBCwUA\nA4IBAQCkBEbIONNCGV3IRLIGKZwO/dVw+nGaGsXE33dfIdLOaW5A6fovpYM3Cddo\nGWOLdbzUa1H3Xa0WgE5WhlqaF+SgXtcva+ld1DPGF20fKLsbo0X0X8FOPvvuv5zF\nk7Ide3ODhj+DoUfX5i+lJsVZB1lHrxfuaBdfjfEqZcdM6iA6u2T3r17rpcRHeVOv\nGS2CHS7dC+9LjP3+e9q7PNfUMXG2xcROjHuCUPR+/lyg13hD2isP+Xp8iaFGqr5/\n2m+VnxpmQiAIKBDZCwXE+B0614q0+fYwjlbGJ4+uAGVIk4qOSbG2cDOMRhrLRHM5\n/GXvf7sJmHVhlic6Wg2PGMEHXtsz\n-----END CERTIFICATE-----",
                "common_name": "C=US,O=Google\\, Inc,CN=Cloud SQL Server CA,dnQualifier=62709f1c-e303-4c17-8ed1-c02bc62a9920",
                "create_time": "2026-09-16T17:35:55.246Z",
                "expiration_time": "2036-09-13T17:36:55.246Z",
                "sha1_fingerprint": "d58b395c93fe6c1923cbcb9bc1e0e51fd393c871"
              }
            ],
            "service_account_email_address": "p18846814729-kwz39c@gcp-sa-cloud-sql.iam.gserviceaccount.com",
            "settings": [
              {
                "activation_policy": "ALWAYS",
                "active_directory_config": [],
                "advanced_machine_features": [],
                "auto_upgrade_enabled": false,
                "availability_type": "ZONAL",
                "backup_configuration": [
                  {
                    "backup_retention_settings": [
                      {
                        "retained_backups": 7,
                        "retention_unit": "COUNT"
                      }
                    ],
                    "backup_tier": "STANDARD",
                    "binary_log_enabled": false,
                    "enabled": false,
                    "location": "",
                    "point_in_time_recovery_enabled": false,
                    "start_time": "18:00",
                    "transaction_log_retention_days": 7
                  }
                ],
                "collation": "",
                "connection_pool_config": [],
                "connector_enforcement": "NOT_REQUIRED",
                "data_api_access": "",
                "data_cache_config": [
                  {
                    "data_cache_enabled": false
                  }
                ],
                "data_disk_provisioned_iops": 0,
                "data_disk_provisioned_throughput": 0,
                "database_flags": [],
                "deletion_protection_enabled": false,
                "deny_maintenance_period": [],
                "disk_autoresize": true,
                "disk_autoresize_limit": 0,
                "disk_size": 10,
                "disk_type": "PD_SSD",
                "edition": "ENTERPRISE",
                "effective_availability_type": "ZONAL",
                "enable_dataplex_integration": false,
                "enable_google_ml_integration": false,
                "entraid_config": [],
                "final_backup_config": [],
                "insights_config": [],
                "ip_configuration": [
                  {
                    "allocated_ip_range": "",
                    "authorized_networks": [],
                    "custom_subject_alternative_names": [],
                    "enable_private_path_for_google_cloud_services": false,
                    "ipv4_enabled": true,
                    "private_network": "",
                    "psc_config": [],
                    "server_ca_mode": "GOOGLE_MANAGED_INTERNAL_CA",
                    "server_ca_pool": "",
                    "server_certificate_rotation_mode": "SERVER_CERTIFICATE_ROTATION_MODE_UNSPECIFIED",
                    "ssl_mode": "ALLOW_UNENCRYPTED_AND_ENCRYPTED"
                  }
                ],
                "location_preference": [
                  {
                    "follow_gae_application": "",
                    "secondary_zone": "",
                    "zone": "us-central1-a"
                  }
                ],
                "maintenance_window": [],
                "password_validation_policy": [],
                "pricing_plan": "PER_USE",
                "read_pool_auto_scale_config": [
                  {
                    "disable_scale_in": false,
                    "enabled": false,
                    "max_node_count": 0,
                    "min_node_count": 0,
                    "scale_in_cooldown_seconds": 0,
                    "scale_out_cooldown_seconds": 0,
                    "target_metrics": []
                  }
                ],
                "replication_lag_max_seconds": 31536000,
                "retain_backups_on_delete": false,
                "sql_server_audit_config": [],
                "tier": "db-f1-micro",
                "time_zone": "",
                "user_labels": {},
                "version": 1
              }
            ],
            "switch_transaction_logs_to_cloud_storage_enabled": null,
            "timeouts": null
          },
          "sensitive_attributes": [],
          "private": "eyJlMmJmYjczMC1lY2FhLTExZTYtOGY4OC0zNDM2M2JjN2M0YzAiOnsiY3JlYXRlIjo1NDAwMDAwMDAwMDAwLCJkZWxldGUiOjU0MDAwMDAwMDAwMDAsInVwZGF0ZSI6NTQwMDAwMDAwMDAwMH19"
        }
      ]
    },
    {
      "mode": "managed",
      "type": "google_sql_user",
      "name": "db_user",
      "provider": "provider[\"registry.terraform.io/hashicorp/google\"]",
      "instances": [
        {
          "schema_version": 1,
          "attributes": {
            "database_roles": null,
            "deletion_policy": "DELETE",
            "host": "",
            "iam_email": "",
            "id": "app_user//instancia-login-lab",
            "instance": "instancia-login-lab",
            "name": "app_user",
            "password": "MiPasswordSegura123!",
            "password_policy": [],
            "password_wo": null,
            "password_wo_version": null,
            "project": "laboratorio-terraform-508817",
            "sql_server_user_details": [],
            "timeouts": null,
            "type": ""
          },
          "sensitive_attributes": [
            [
              {
                "type": "get_attr",
                "value": "password"
              }
            ]
          ],
          "private": "eyJlMmJmYjczMC1lY2FhLTExZTYtOGY4OC0zNDM2M2JjN2M0YzAiOnsiY3JlYXRlIjo2MDAwMDAwMDAwMDAsImRlbGV0ZSI6NjAwMDAwMDAwMDAwLCJ1cGRhdGUiOjYwMDAwMDAwMDAwMH0sInNjaGVtYV92ZXJzaW9uIjoiMSJ9",
          "dependencies": [
            "google_sql_database_instance.db_instance"
          ]
        }
      ]
    },
    {
      "mode": "managed",
      "type": "google_storage_bucket",
      "name": "mi_bucket",
      "provider": "provider[\"registry.terraform.io/hashicorp/google\"]",
      "instances": [
        {
          "schema_version": 4,
          "attributes": {
            "autoclass": [],
            "cors": [],
            "custom_placement_config": [],
            "default_event_based_hold": false,
            "deletion_policy": "DELETE",
            "effective_labels": {
              "goog-terraform-provisioned": "true"
            },
            "enable_object_retention": false,
            "encryption": [],
            "force_destroy": true,
            "hierarchical_namespace": [
              {
                "enabled": false
              }
            ],
            "id": "mi-bucket-devops-terraform-lab-unique-12345",
            "ip_filter": [],
            "labels": {},
            "lifecycle_rule": [],
            "location": "US",
            "logging": [],
            "name": "mi-bucket-devops-terraform-lab-unique-12345",
            "project": "laboratorio-terraform-508817",
            "project_number": 18846814729,
            "public_access_prevention": "enforced",
            "requester_pays": false,
            "retention_policy": [],
            "rpo": "DEFAULT",
            "self_link": "https://www.googleapis.com/storage/v1/b/mi-bucket-devops-terraform-lab-unique-12345",
            "soft_delete_policy": [
              {
                "effective_time": "2026-09-16T17:25:04.987Z",
                "retention_duration_seconds": 604800
              }
            ],
            "storage_class": "STANDARD",
            "terraform_labels": {
              "goog-terraform-provisioned": "true"
            },
            "time_created": "2026-09-16T17:25:04.987Z",
            "timeouts": null,
            "uniform_bucket_level_access": true,
            "updated": "2026-09-16T17:25:04.987Z",
            "url": "gs://mi-bucket-devops-terraform-lab-unique-12345",
            "versioning": [],
            "website": []
          },
          "sensitive_attributes": [],
          "private": "eyJlMmJmYjczMC1lY2FhLTExZTYtOGY4OC0zNDM2M2JjN2M0YzAiOnsiY3JlYXRlIjo2MDAwMDAwMDAwMDAsInJlYWQiOjI0MDAwMDAwMDAwMCwidXBkYXRlIjoyNDAwMDAwMDAwMDB9LCJzY2hlbWFfdmVyc2lvbiI6IjQifQ=="
        }
      ]
    }
  ],
  "check_results": null
}
